{
  "nodes": {
    "flake-compat": {
      "flake": false,
      "locked": {
        "lastModified": 1673956053,
        "narHash": "sha256-4gtG9iQuiKITOjNQQeQIpoIB6b16fm+504Ch3sNKLd8=",
        "owner": "edolstra",
        "repo": "flake-compat",
        "rev": "35bb57c0c8d8b62bbfd284272c928ceb64ddbde9",
        "type": "github"
      },
      "original": {
        "owner": "edolstra",
        "repo": "flake-compat",
        "type": "github"
      }
    },
    "flake-utils": {
      "inputs": {
        "systems": "systems"
      },
      "locked": {
        "lastModified": 1681202837,
        "narHash": "sha256-H+Rh19JDwRtpVPAWp64F+rlEtxUWBAQW28eAi3SRSzg=",
        "owner": "numtide",
        "repo": "flake-utils",
        "rev": "cfacdce06f30d2b68473a46042957675eebb3401",
        "type": "github"
      },
      "original": {
        "owner": "numtide",
        "repo": "flake-utils",
        "type": "github"
      }
    },
    "mysecrets": {
      "flake": false,
      "locked": {
        "lastModified": 1722800894,
        "narHash": "sha256-gAh1pgW07lyG2XN14EEPBCeaKYpqwgGJONV5hr9XKPA=",
        "ref": "refs/heads/main",
        "rev": "32d3abf503b57404c37fccadb61a8fd510d3b5d2",
        "shallow": true,
        "type": "git",
        "url": "ssh://git@github.com/VGHS-lucaruby/NixOS-Server-Secrets.git"
      },
      "original": {
        "shallow": true,
        "type": "git",
        "url": "ssh://git@github.com/VGHS-lucaruby/NixOS-Server-Secrets.git"
      }
    },
    "nix-minecraft": {
      "inputs": {
        "flake-compat": "flake-compat",
        "flake-utils": "flake-utils",
        "nixpkgs": "nixpkgs"
      },
      "locked": {
        "lastModified": 1723858028,
        "narHash": "sha256-82I8aERrZJp8b9Iq06kS7Id2k+vMVF2bi0opFSEfrH0=",
        "owner": "Infinidoge",
        "repo": "nix-minecraft",
        "rev": "fc0c443d7ee66fda2caf5aa8680fc29eff54ed47",
        "type": "github"
      },
      "original": {
        "owner": "Infinidoge",
        "repo": "nix-minecraft",
        "type": "github"
      }
    },
    "nixlib": {
      "locked": {
        "lastModified": 1723337705,
        "narHash": "sha256-znSU0DeNDPt7+LMAfFkvKloMaeQ6yl/U5SqV/ktl1vA=",
        "owner": "nix-community",
        "repo": "nixpkgs.lib",
        "rev": "ace7856d327b618d3777e31b1f224b3ab57ed71a",
        "type": "github"
      },
      "original": {
        "owner": "nix-community",
        "repo": "nixpkgs.lib",
        "type": "github"
      }
    },
    "nixos-generators": {
      "inputs": {
        "nixlib": "nixlib",
        "nixpkgs": [
          "nixpkgs"
        ]
      },
      "locked": {
        "lastModified": 1723870831,
        "narHash": "sha256-rXQKvogLHY3BxRVVt5unpbi0zpRf965f57gplWSzQ5k=",
        "owner": "nix-community",
        "repo": "nixos-generators",
        "rev": "32e9d82bada67fc5155e8d4d99b6fc3a1765bfdc",
        "type": "github"
      },
      "original": {
        "owner": "nix-community",
        "repo": "nixos-generators",
        "type": "github"
      }
    },
    "nixos-hardware": {
      "locked": {
        "lastModified": 1723310128,
        "narHash": "sha256-IiH8jG6PpR4h9TxSGMYh+2/gQiJW9MwehFvheSb5rPc=",
        "owner": "NixOS",
        "repo": "nixos-hardware",
        "rev": "c54cf53e022b0b3c1d3b8207aa0f9b194c24f0cf",
        "type": "github"
      },
      "original": {
        "id": "nixos-hardware",
        "type": "indirect"
      }
    },
    "nixpkgs": {
      "locked": {
        "lastModified": 1715266358,
        "narHash": "sha256-doPgfj+7FFe9rfzWo1siAV2mVCasW+Bh8I1cToAXEE4=",
        "owner": "nixos",
        "repo": "nixpkgs",
        "rev": "f1010e0469db743d14519a1efd37e23f8513d714",
        "type": "github"
      },
      "original": {
        "owner": "nixos",
        "ref": "nixos-unstable",
        "repo": "nixpkgs",
        "type": "github"
      }
    },
    "nixpkgs-stable": {
      "locked": {
        "lastModified": 1721524707,
        "narHash": "sha256-5NctRsoE54N86nWd0psae70YSLfrOek3Kv1e8KoXe/0=",
        "owner": "NixOS",
        "repo": "nixpkgs",
        "rev": "556533a23879fc7e5f98dd2e0b31a6911a213171",
        "type": "github"
      },
      "original": {
        "owner": "NixOS",
        "ref": "release-24.05",
        "repo": "nixpkgs",
        "type": "github"
      }
    },
    "nixpkgs_2": {
      "locked": {
        "lastModified": 1723688146,
        "narHash": "sha256-sqLwJcHYeWLOeP/XoLwAtYjr01TISlkOfz+NG82pbdg=",
        "owner": "nixos",
        "repo": "nixpkgs",
        "rev": "c3d4ac725177c030b1e289015989da2ad9d56af0",
        "type": "github"
      },
      "original": {
        "owner": "nixos",
        "ref": "nixos-24.05",
        "repo": "nixpkgs",
        "type": "github"
      }
    },
    "root": {
      "inputs": {
        "mysecrets": "mysecrets",
        "nix-minecraft": "nix-minecraft",
        "nixos-generators": "nixos-generators",
        "nixos-hardware": "nixos-hardware",
        "nixpkgs": "nixpkgs_2",
        "sops-nix": "sops-nix"
      }
    },
    "sops-nix": {
      "inputs": {
        "nixpkgs": [
          "nixpkgs"
        ],
        "nixpkgs-stable": "nixpkgs-stable"
      },
      "locked": {
        "lastModified": 1723501126,
        "narHash": "sha256-N9IcHgj/p1+2Pvk8P4Zc1bfrMwld5PcosVA0nL6IGdE=",
        "owner": "Mic92",
        "repo": "sops-nix",
        "rev": "be0eec2d27563590194a9206f551a6f73d52fa34",
        "type": "github"
      },
      "original": {
        "owner": "Mic92",
        "repo": "sops-nix",
        "type": "github"
      }
    },
    "systems": {
      "locked": {
        "lastModified": 1681028828,
        "narHash": "sha256-Vy1rq5AaRuLzOxct8nz4T6wlgyUR7zLU309k9mBC768=",
        "owner": "nix-systems",
        "repo": "default",
        "rev": "da67096a3b9bf56a91d16901293e51ba5b49a27e",
        "type": "github"
      },
      "original": {
        "owner": "nix-systems",
        "repo": "default",
        "type": "github"
      }
    }
  },
  "root": "root",
  "version": 7
}
